
Microsoft Visual Studio Solution File, Format Version 12.00
Project("{2150E333-8FDC-42A3-9474-1A3956D46DE8}") = "Components", "Components", "{B4B61216-0397-4057-A908-869FB0FF37DD}"
EndProject
Project("{2150E333-8FDC-42A3-9474-1A3956D46DE8}") = "Tests", "Tests", "{52DE68A4-60C9-4D9D-A691-6532749CA6F8}"
EndProject
Project("{2150E333-8FDC-42A3-9474-1A3956D46DE8}") = "Samples", "Samples", "{A809ADD2-67F9-43D9-9415-52E54154FD46}"
EndProject
Project("{FAE04EC0-301F-11D3-BF4B-00C04F79EFBC}") = "MasUnity.Sample", "Samples\MasUnity.Sample\MasUnity.Sample.csproj", "{71C319F6-D269-4507-9AEE-B6B4460B9EC8}"
EndProject
Project("{FAE04EC0-301F-11D3-BF4B-00C04F79EFBC}") = "MasUnity", "Components\MasUnity\MasUnity.csproj", "{DCE0F119-7A78-4CEF-9F4C-100EC13F7431}"
EndProject
Project("{FAE04EC0-301F-11D3-BF4B-00C04F79EFBC}") = "MasUnity.HealthCheck", "Components\MasUnity.HealthCheck\MasUnity.HealthCheck.csproj", "{35D45B3B-AD51-4F4E-87E1-D2ECDEC0C111}"
EndProject
Project("{FAE04EC0-301F-11D3-BF4B-00C04F79EFBC}") = "MasUnity.HostedService", "Components\MasUnity.HostedService\MasUnity.HostedService.csproj", "{9FF35AE7-1C6D-408D-A079-F1DEDB60C1FC}"
EndProject
Project("{FAE04EC0-301F-11D3-BF4B-00C04F79EFBC}") = "MasUnity.Tests", "Tests\MasUnity.Tests\MasUnity.Tests.csproj", "{73888006-0FA8-4F35-9004-717DF62602A4}"
EndProject
Global
	GlobalSection(SolutionConfigurationPlatforms) = preSolution
		Debug|Any CPU = Debug|Any CPU
		Release|Any CPU = Release|Any CPU
	EndGlobalSection
	GlobalSection(NestedProjects) = preSolution
		{71C319F6-D269-4507-9AEE-B6B4460B9EC8} = {A809ADD2-67F9-43D9-9415-52E54154FD46}
		{DCE0F119-7A78-4CEF-9F4C-100EC13F7431} = {B4B61216-0397-4057-A908-869FB0FF37DD}
		{35D45B3B-AD51-4F4E-87E1-D2ECDEC0C111} = {B4B61216-0397-4057-A908-869FB0FF37DD}
		{9FF35AE7-1C6D-408D-A079-F1DEDB60C1FC} = {B4B61216-0397-4057-A908-869FB0FF37DD}
		{73888006-0FA8-4F35-9004-717DF62602A4} = {52DE68A4-60C9-4D9D-A691-6532749CA6F8}
	EndGlobalSection
	GlobalSection(ProjectConfigurationPlatforms) = postSolution
		{71C319F6-D269-4507-9AEE-B6B4460B9EC8}.Debug|Any CPU.ActiveCfg = Debug|Any CPU
		{71C319F6-D269-4507-9AEE-B6B4460B9EC8}.Debug|Any CPU.Build.0 = Debug|Any CPU
		{71C319F6-D269-4507-9AEE-B6B4460B9EC8}.Release|Any CPU.ActiveCfg = Release|Any CPU
		{71C319F6-D269-4507-9AEE-B6B4460B9EC8}.Release|Any CPU.Build.0 = Release|Any CPU
		{DCE0F119-7A78-4CEF-9F4C-100EC13F7431}.Debug|Any CPU.ActiveCfg = Debug|Any CPU
		{DCE0F119-7A78-4CEF-9F4C-100EC13F7431}.Debug|Any CPU.Build.0 = Debug|Any CPU
		{DCE0F119-7A78-4CEF-9F4C-100EC13F7431}.Release|Any CPU.ActiveCfg = Release|Any CPU
		{DCE0F119-7A78-4CEF-9F4C-100EC13F7431}.Release|Any CPU.Build.0 = Release|Any CPU
		{35D45B3B-AD51-4F4E-87E1-D2ECDEC0C111}.Debug|Any CPU.ActiveCfg = Debug|Any CPU
		{35D45B3B-AD51-4F4E-87E1-D2ECDEC0C111}.Debug|Any CPU.Build.0 = Debug|Any CPU
		{35D45B3B-AD51-4F4E-87E1-D2ECDEC0C111}.Release|Any CPU.ActiveCfg = Release|Any CPU
		{35D45B3B-AD51-4F4E-87E1-D2ECDEC0C111}.Release|Any CPU.Build.0 = Release|Any CPU
		{9FF35AE7-1C6D-408D-A079-F1DEDB60C1FC}.Debug|Any CPU.ActiveCfg = Debug|Any CPU
		{9FF35AE7-1C6D-408D-A079-F1DEDB60C1FC}.Debug|Any CPU.Build.0 = Debug|Any CPU
		{9FF35AE7-1C6D-408D-A079-F1DEDB60C1FC}.Release|Any CPU.ActiveCfg = Release|Any CPU
		{9FF35AE7-1C6D-408D-A079-F1DEDB60C1FC}.Release|Any CPU.Build.0 = Release|Any CPU
		{73888006-0FA8-4F35-9004-717DF62602A4}.Debug|Any CPU.ActiveCfg = Debug|Any CPU
		{73888006-0FA8-4F35-9004-717DF62602A4}.Debug|Any CPU.Build.0 = Debug|Any CPU
		{73888006-0FA8-4F35-9004-717DF62602A4}.Release|Any CPU.ActiveCfg = Release|Any CPU
		{73888006-0FA8-4F35-9004-717DF62602A4}.Release|Any CPU.Build.0 = Release|Any CPU
	EndGlobalSection
EndGlobal
